
Microsoft Visual Studio Solution File, Format Version 12.00
Project("{FAE04EC0-301F-11D3-BF4B-00C04F79EFBC}") = "Ferrum.Core", "Ferrum.Core\Ferrum.Core.csproj", "{CC7645FD-8F2D-48D6-9E8A-8DD770862C66}"
EndProject
Project("{FAE04EC0-301F-11D3-BF4B-00C04F79EFBC}") = "Ferrum.Core.Tests", "Ferrum.Core.Tests\Ferrum.Core.Tests.csproj", "{1B50070B-7871-402D-BCB0-4CEF2E42C76C}"
EndProject
Project("{2150E333-8FDC-42A3-9474-1A3956D46DE8}") = "Core", "Core", "{BA740F71-3548-4CD5-AFF0-A1862C8A98FC}"
EndProject
Project("{FAE04EC0-301F-11D3-BF4B-00C04F79EFBC}") = "Ferrum.Core.Benchmark", "Ferrum.Core.Benchmark\Ferrum.Core.Benchmark.csproj", "{A341143B-433E-4FDF-8BE0-92AE5A6459F9}"
EndProject
Project("{2150E333-8FDC-42A3-9474-1A3956D46DE8}") = "Samples", "Samples", "{7A182F6F-AB41-4305-8233-C2692504974C}"
EndProject
Project("{2150E333-8FDC-42A3-9474-1A3956D46DE8}") = "Osmium", "Osmium", "{AA38CB1A-BECB-4117-B428-CB1BD41F4C6D}"
EndProject
Project("{FAE04EC0-301F-11D3-BF4B-00C04F79EFBC}") = "Ferrum.Osmium.GPU", "Ferrum.Osmium.GPU\Ferrum.Osmium.GPU.csproj", "{7EDCF8AE-7099-40FC-A4D3-126506A52CBE}"
EndProject
Project("{FAE04EC0-301F-11D3-BF4B-00C04F79EFBC}") = "Ferrum.Samples.Triangle", "Ferrum.Samples.Triangle\Ferrum.Samples.Triangle.csproj", "{07E83AEF-F337-4295-A40D-80C7391C7115}"
EndProject
Project("{FAE04EC0-301F-11D3-BF4B-00C04F79EFBC}") = "Ferrum.Samples.Uniforms", "Ferrum.Samples.Uniforms\Ferrum.Samples.Uniforms.csproj", "{02ABE3C4-591B-4AB6-A2A4-89BEF79A5B99}"
EndProject
Project("{FAE04EC0-301F-11D3-BF4B-00C04F79EFBC}") = "Ferrum.Osmium.Assets", "Ferrum.Osmium.Assets\Ferrum.Osmium.Assets.csproj", "{6A9C32A4-B4AC-4370-8DC0-049469E75DFE}"
EndProject
Project("{FAE04EC0-301F-11D3-BF4B-00C04F79EFBC}") = "Ferrum.Samples.Textures", "Ferrum.Samples.Textures\Ferrum.Samples.Textures.csproj", "{3AF97595-CF4A-4740-A0F9-75C5E248E329}"
EndProject
Project("{FAE04EC0-301F-11D3-BF4B-00C04F79EFBC}") = "Ferrum.Samples.Models", "Ferrum.Samples.Models\Ferrum.Samples.Models.csproj", "{9C01E73A-8B95-4D60-9F24-763398C5F37D}"
EndProject
Global
	GlobalSection(SolutionConfigurationPlatforms) = preSolution
		Debug|Any CPU = Debug|Any CPU
		Release|Any CPU = Release|Any CPU
	EndGlobalSection
	GlobalSection(ProjectConfigurationPlatforms) = postSolution
		{CC7645FD-8F2D-48D6-9E8A-8DD770862C66}.Debug|Any CPU.ActiveCfg = Debug|Any CPU
		{CC7645FD-8F2D-48D6-9E8A-8DD770862C66}.Debug|Any CPU.Build.0 = Debug|Any CPU
		{CC7645FD-8F2D-48D6-9E8A-8DD770862C66}.Release|Any CPU.ActiveCfg = Release|Any CPU
		{CC7645FD-8F2D-48D6-9E8A-8DD770862C66}.Release|Any CPU.Build.0 = Release|Any CPU
		{1B50070B-7871-402D-BCB0-4CEF2E42C76C}.Debug|Any CPU.ActiveCfg = Debug|Any CPU
		{1B50070B-7871-402D-BCB0-4CEF2E42C76C}.Debug|Any CPU.Build.0 = Debug|Any CPU
		{1B50070B-7871-402D-BCB0-4CEF2E42C76C}.Release|Any CPU.ActiveCfg = Release|Any CPU
		{1B50070B-7871-402D-BCB0-4CEF2E42C76C}.Release|Any CPU.Build.0 = Release|Any CPU
		{A341143B-433E-4FDF-8BE0-92AE5A6459F9}.Debug|Any CPU.ActiveCfg = Debug|Any CPU
		{A341143B-433E-4FDF-8BE0-92AE5A6459F9}.Debug|Any CPU.Build.0 = Debug|Any CPU
		{A341143B-433E-4FDF-8BE0-92AE5A6459F9}.Release|Any CPU.ActiveCfg = Release|Any CPU
		{A341143B-433E-4FDF-8BE0-92AE5A6459F9}.Release|Any CPU.Build.0 = Release|Any CPU
		{7EDCF8AE-7099-40FC-A4D3-126506A52CBE}.Debug|Any CPU.ActiveCfg = Debug|Any CPU
		{7EDCF8AE-7099-40FC-A4D3-126506A52CBE}.Debug|Any CPU.Build.0 = Debug|Any CPU
		{7EDCF8AE-7099-40FC-A4D3-126506A52CBE}.Release|Any CPU.ActiveCfg = Release|Any CPU
		{7EDCF8AE-7099-40FC-A4D3-126506A52CBE}.Release|Any CPU.Build.0 = Release|Any CPU
		{07E83AEF-F337-4295-A40D-80C7391C7115}.Debug|Any CPU.ActiveCfg = Debug|Any CPU
		{07E83AEF-F337-4295-A40D-80C7391C7115}.Debug|Any CPU.Build.0 = Debug|Any CPU
		{07E83AEF-F337-4295-A40D-80C7391C7115}.Release|Any CPU.ActiveCfg = Release|Any CPU
		{07E83AEF-F337-4295-A40D-80C7391C7115}.Release|Any CPU.Build.0 = Release|Any CPU
		{02ABE3C4-591B-4AB6-A2A4-89BEF79A5B99}.Debug|Any CPU.ActiveCfg = Debug|Any CPU
		{02ABE3C4-591B-4AB6-A2A4-89BEF79A5B99}.Debug|Any CPU.Build.0 = Debug|Any CPU
		{02ABE3C4-591B-4AB6-A2A4-89BEF79A5B99}.Release|Any CPU.ActiveCfg = Release|Any CPU
		{02ABE3C4-591B-4AB6-A2A4-89BEF79A5B99}.Release|Any CPU.Build.0 = Release|Any CPU
		{6A9C32A4-B4AC-4370-8DC0-049469E75DFE}.Debug|Any CPU.ActiveCfg = Debug|Any CPU
		{6A9C32A4-B4AC-4370-8DC0-049469E75DFE}.Debug|Any CPU.Build.0 = Debug|Any CPU
		{6A9C32A4-B4AC-4370-8DC0-049469E75DFE}.Release|Any CPU.ActiveCfg = Release|Any CPU
		{6A9C32A4-B4AC-4370-8DC0-049469E75DFE}.Release|Any CPU.Build.0 = Release|Any CPU
		{3AF97595-CF4A-4740-A0F9-75C5E248E329}.Debug|Any CPU.ActiveCfg = Debug|Any CPU
		{3AF97595-CF4A-4740-A0F9-75C5E248E329}.Debug|Any CPU.Build.0 = Debug|Any CPU
		{3AF97595-CF4A-4740-A0F9-75C5E248E329}.Release|Any CPU.ActiveCfg = Release|Any CPU
		{3AF97595-CF4A-4740-A0F9-75C5E248E329}.Release|Any CPU.Build.0 = Release|Any CPU
		{9C01E73A-8B95-4D60-9F24-763398C5F37D}.Debug|Any CPU.ActiveCfg = Debug|Any CPU
		{9C01E73A-8B95-4D60-9F24-763398C5F37D}.Debug|Any CPU.Build.0 = Debug|Any CPU
		{9C01E73A-8B95-4D60-9F24-763398C5F37D}.Release|Any CPU.ActiveCfg = Release|Any CPU
		{9C01E73A-8B95-4D60-9F24-763398C5F37D}.Release|Any CPU.Build.0 = Release|Any CPU
	EndGlobalSection
	GlobalSection(NestedProjects) = preSolution
		{CC7645FD-8F2D-48D6-9E8A-8DD770862C66} = {BA740F71-3548-4CD5-AFF0-A1862C8A98FC}
		{1B50070B-7871-402D-BCB0-4CEF2E42C76C} = {BA740F71-3548-4CD5-AFF0-A1862C8A98FC}
		{A341143B-433E-4FDF-8BE0-92AE5A6459F9} = {BA740F71-3548-4CD5-AFF0-A1862C8A98FC}
		{7EDCF8AE-7099-40FC-A4D3-126506A52CBE} = {AA38CB1A-BECB-4117-B428-CB1BD41F4C6D}
		{07E83AEF-F337-4295-A40D-80C7391C7115} = {7A182F6F-AB41-4305-8233-C2692504974C}
		{02ABE3C4-591B-4AB6-A2A4-89BEF79A5B99} = {7A182F6F-AB41-4305-8233-C2692504974C}
		{6A9C32A4-B4AC-4370-8DC0-049469E75DFE} = {AA38CB1A-BECB-4117-B428-CB1BD41F4C6D}
		{3AF97595-CF4A-4740-A0F9-75C5E248E329} = {7A182F6F-AB41-4305-8233-C2692504974C}
		{9C01E73A-8B95-4D60-9F24-763398C5F37D} = {7A182F6F-AB41-4305-8233-C2692504974C}
	EndGlobalSection
EndGlobal
