
Microsoft Visual Studio Solution File, Format Version 12.00
Project("{FAE04EC0-301F-11D3-BF4B-00C04F79EFBC}") = "Ferrum.Core", "Ferrum.Core\Ferrum.Core.csproj", "{49A6F46C-723C-4ECB-A075-0469F065D48A}"
EndProject
Project("{FAE04EC0-301F-11D3-BF4B-00C04F79EFBC}") = "Ferrum.Core.Tests", "Ferrum.Core.Tests\Ferrum.Core.Tests.csproj", "{A683D215-03B9-4909-8428-77DE27191744}"
EndProject
Project("{FAE04EC0-301F-11D3-BF4B-00C04F79EFBC}") = "Ferrum.Samples.Triangle", "Ferrum.Samples.Triangle\Ferrum.Samples.Triangle.csproj", "{22990AFB-76A2-4C65-A588-3D39CACAF763}"
EndProject
Global
	GlobalSection(SolutionConfigurationPlatforms) = preSolution
		Debug|Any CPU = Debug|Any CPU
		Release|Any CPU = Release|Any CPU
	EndGlobalSection
	GlobalSection(ProjectConfigurationPlatforms) = postSolution
		{49A6F46C-723C-4ECB-A075-0469F065D48A}.Debug|Any CPU.ActiveCfg = Debug|Any CPU
		{49A6F46C-723C-4ECB-A075-0469F065D48A}.Debug|Any CPU.Build.0 = Debug|Any CPU
		{49A6F46C-723C-4ECB-A075-0469F065D48A}.Release|Any CPU.ActiveCfg = Release|Any CPU
		{49A6F46C-723C-4ECB-A075-0469F065D48A}.Release|Any CPU.Build.0 = Release|Any CPU
		{A683D215-03B9-4909-8428-77DE27191744}.Debug|Any CPU.ActiveCfg = Debug|Any CPU
		{A683D215-03B9-4909-8428-77DE27191744}.Debug|Any CPU.Build.0 = Debug|Any CPU
		{A683D215-03B9-4909-8428-77DE27191744}.Release|Any CPU.ActiveCfg = Release|Any CPU
		{A683D215-03B9-4909-8428-77DE27191744}.Release|Any CPU.Build.0 = Release|Any CPU
		{22990AFB-76A2-4C65-A588-3D39CACAF763}.Debug|Any CPU.ActiveCfg = Debug|Any CPU
		{22990AFB-76A2-4C65-A588-3D39CACAF763}.Debug|Any CPU.Build.0 = Debug|Any CPU
		{22990AFB-76A2-4C65-A588-3D39CACAF763}.Release|Any CPU.ActiveCfg = Release|Any CPU
		{22990AFB-76A2-4C65-A588-3D39CACAF763}.Release|Any CPU.Build.0 = Release|Any CPU
	EndGlobalSection
EndGlobal
